// !$*UTF8*$!
{
	archiveVersion = 1;
	classes = {
	};
	objectVersion = 56;
	objects = {

/* Begin PBXBuildFile section */
		8619D25C2A2C751B00AB91A8 /* AppDelegate.swift in Sources */ = {isa = PBXBuildFile; fileRef = 8619D25B2A2C751B00AB91A8 /* AppDelegate.swift */; };
		8619D25E2A2C751B00AB91A8 /* SceneDelegate.swift in Sources */ = {isa = PBXBuildFile; fileRef = 8619D25D2A2C751B00AB91A8 /* SceneDelegate.swift */; };
		8619D2602A2C751B00AB91A8 /* HomeViewController.swift in Sources */ = {isa = PBXBuildFile; fileRef = 8619D25F2A2C751B00AB91A8 /* HomeViewController.swift */; };
		8619D2632A2C751B00AB91A8 /* Main.storyboard in Resources */ = {isa = PBXBuildFile; fileRef = 8619D2612A2C751B00AB91A8 /* Main.storyboard */; };
		8619D2652A2C751C00AB91A8 /* Assets.xcassets in Resources */ = {isa = PBXBuildFile; fileRef = 8619D2642A2C751C00AB91A8 /* Assets.xcassets */; };
		8619D2682A2C751C00AB91A8 /* LaunchScreen.storyboard in Resources */ = {isa = PBXBuildFile; fileRef = 8619D2662A2C751C00AB91A8 /* LaunchScreen.storyboard */; };
		8619D2712A2C764300AB91A8 /* BottomSheetViewController.swift in Sources */ = {isa = PBXBuildFile; fileRef = 8619D2702A2C764300AB91A8 /* BottomSheetViewController.swift */; };
		8619D2732A2CA0E800AB91A8 /* DemoBottomSheetViewController.swift in Sources */ = {isa = PBXBuildFile; fileRef = 8619D2722A2CA0E800AB91A8 /* DemoBottomSheetViewController.swift */; };
		86C8094B2A30D4F9008204D8 /* PageSettings.swift in Sources */ = {isa = PBXBuildFile; fileRef = 86C8094A2A30D4F9008204D8 /* PageSettings.swift */; };
/* End PBXBuildFile section */

/* Begin PBXFileReference section */
		8619D2582A2C751B00AB91A8 /* BottomSheetViewControllerExample.app */ = {isa = PBXFileReference; explicitFileType = wrapper.application; includeInIndex = 0; path = BottomSheetViewControllerExample.app; sourceTree = BUILT_PRODUCTS_DIR; };
		8619D25B2A2C751B00AB91A8 /* AppDelegate.swift */ = {isa = PBXFileReference; lastKnownFileType = sourcecode.swift; path = AppDelegate.swift; sourceTree = "<group>"; };
		8619D25D2A2C751B00AB91A8 /* SceneDelegate.swift */ = {isa = PBXFileReference; lastKnownFileType = sourcecode.swift; path = SceneDelegate.swift; sourceTree = "<group>"; };
		8619D25F2A2C751B00AB91A8 /* HomeViewController.swift */ = {isa = PBXFileReference; lastKnownFileType = sourcecode.swift; path = HomeViewController.swift; sourceTree = "<group>"; };
		8619D2622A2C751B00AB91A8 /* Base */ = {isa = PBXFileReference; lastKnownFileType = file.storyboard; name = Base; path = Base.lproj/Main.storyboard; sourceTree = "<group>"; };
		8619D2642A2C751C00AB91A8 /* Assets.xcassets */ = {isa = PBXFileReference; lastKnownFileType = folder.assetcatalog; path = Assets.xcassets; sourceTree = "<group>"; };
		8619D2672A2C751C00AB91A8 /* Base */ = {isa = PBXFileReference; lastKnownFileType = file.storyboard; name = Base; path = Base.lproj/LaunchScreen.storyboard; sourceTree = "<group>"; };
		8619D2692A2C751C00AB91A8 /* Info.plist */ = {isa = PBXFileReference; lastKnownFileType = text.plist.xml; path = Info.plist; sourceTree = "<group>"; };
		8619D2702A2C764300AB91A8 /* BottomSheetViewController.swift */ = {isa = PBXFileReference; lastKnownFileType = sourcecode.swift; path = BottomSheetViewController.swift; sourceTree = "<group>"; };
		8619D2722A2CA0E800AB91A8 /* DemoBottomSheetViewController.swift */ = {isa = PBXFileReference; lastKnownFileType = sourcecode.swift; path = DemoBottomSheetViewController.swift; sourceTree = "<group>"; };
		86C8094A2A30D4F9008204D8 /* PageSettings.swift */ = {isa = PBXFileReference; lastKnownFileType = sourcecode.swift; path = PageSettings.swift; sourceTree = "<group>"; };
/* End PBXFileReference section */

/* Begin PBXFrameworksBuildPhase section */
		8619D2552A2C751B00AB91A8 /* Frameworks */ = {
			isa = PBXFrameworksBuildPhase;
			buildActionMask = 2147483647;
			files = (
			);
			runOnlyForDeploymentPostprocessing = 0;
		};
/* End PBXFrameworksBuildPhase section */

/* Begin PBXGroup section */
		8619D24F2A2C751B00AB91A8 = {
			isa = PBXGroup;
			children = (
				8619D25A2A2C751B00AB91A8 /* BottomSheetViewControllerExample */,
				8619D2592A2C751B00AB91A8 /* Products */,
			);
			sourceTree = "<group>";
		};
		8619D2592A2C751B00AB91A8 /* Products */ = {
			isa = PBXGroup;
			children = (
				8619D2582A2C751B00AB91A8 /* BottomSheetViewControllerExample.app */,
			);
			name = Products;
			sourceTree = "<group>";
		};
		8619D25A2A2C751B00AB91A8 /* BottomSheetViewControllerExample */ = {
			isa = PBXGroup;
			children = (
				8619D26F2A2C763200AB91A8 /* BottomSheetViewController */,
				8619D25B2A2C751B00AB91A8 /* AppDelegate.swift */,
				8619D25D2A2C751B00AB91A8 /* SceneDelegate.swift */,
				8619D25F2A2C751B00AB91A8 /* HomeViewController.swift */,
				86C8094A2A30D4F9008204D8 /* PageSettings.swift */,
				8619D2722A2CA0E800AB91A8 /* DemoBottomSheetViewController.swift */,
				8619D2612A2C751B00AB91A8 /* Main.storyboard */,
				8619D2642A2C751C00AB91A8 /* Assets.xcassets */,
				8619D2662A2C751C00AB91A8 /* LaunchScreen.storyboard */,
				8619D2692A2C751C00AB91A8 /* Info.plist */,
			);
			path = BottomSheetViewControllerExample;
			sourceTree = "<group>";
		};
		8619D26F2A2C763200AB91A8 /* BottomSheetViewController */ = {
			isa = PBXGroup;
			children = (
				8619D2702A2C764300AB91A8 /* BottomSheetViewController.swift */,
			);
			path = BottomSheetViewController;
			sourceTree = "<group>";
		};
/* End PBXGroup section */

/* Begin PBXNativeTarget section */
		8619D2572A2C751B00AB91A8 /* BottomSheetViewControllerExample */ = {
			isa = PBXNativeTarget;
			buildConfigurationList = 8619D26C2A2C751C00AB91A8 /* Build configuration list for PBXNativeTarget "BottomSheetViewControllerExample" */;
			buildPhases = (
				8619D2542A2C751B00AB91A8 /* Sources */,
				8619D2552A2C751B00AB91A8 /* Frameworks */,
				8619D2562A2C751B00AB91A8 /* Resources */,
			);
			buildRules = (
			);
			dependencies = (
			);
			name = BottomSheetViewControllerExample;
			productName = BottomSheetViewControllerExample;
			productReference = 8619D2582A2C751B00AB91A8 /* BottomSheetViewControllerExample.app */;
			productType = "com.apple.product-type.application";
		};
/* End PBXNativeTarget section */

/* Begin PBXProject section */
		8619D2502A2C751B00AB91A8 /* Project object */ = {
			isa = PBXProject;
			attributes = {
				BuildIndependentTargetsInParallel = 1;
				LastSwiftUpdateCheck = 1420;
				LastUpgradeCheck = 1420;
				TargetAttributes = {
					8619D2572A2C751B00AB91A8 = {
						CreatedOnToolsVersion = 14.2;
					};
				};
			};
			buildConfigurationList = 8619D2532A2C751B00AB91A8 /* Build configuration list for PBXProject "BottomSheetViewControllerExample" */;
			compatibilityVersion = "Xcode 14.0";
			developmentRegion = en;
			hasScannedForEncodings = 0;
			knownRegions = (
				en,
				Base,
			);
			mainGroup = 8619D24F2A2C751B00AB91A8;
			productRefGroup = 8619D2592A2C751B00AB91A8 /* Products */;
			projectDirPath = "";
			projectRoot = "";
			targets = (
				8619D2572A2C751B00AB91A8 /* BottomSheetViewControllerExample */,
			);
		};
/* End PBXProject section */

/* Begin PBXResourcesBuildPhase section */
		8619D2562A2C751B00AB91A8 /* Resources */ = {
			isa = PBXResourcesBuildPhase;
			buildActionMask = 2147483647;
			files = (
				8619D2682A2C751C00AB91A8 /* LaunchScreen.storyboard in Resources */,
				8619D2652A2C751C00AB91A8 /* Assets.xcassets in Resources */,
				8619D2632A2C751B00AB91A8 /* Main.storyboard in Resources */,
			);
			runOnlyForDeploymentPostprocessing = 0;
		};
/* End PBXResourcesBuildPhase section */

/* Begin PBXSourcesBuildPhase section */
		8619D2542A2C751B00AB91A8 /* Sources */ = {
			isa = PBXSourcesBuildPhase;
			buildActionMask = 2147483647;
			files = (
				86C8094B2A30D4F9008204D8 /* PageSettings.swift in Sources */,
				8619D2732A2CA0E800AB91A8 /* DemoBottomSheetViewController.swift in Sources */,
				8619D2602A2C751B00AB91A8 /* HomeViewController.swift in Sources */,
				8619D2712A2C764300AB91A8 /* BottomSheetViewController.swift in Sources */,
				8619D25C2A2C751B00AB91A8 /* AppDelegate.swift in Sources */,
				8619D25E2A2C751B00AB91A8 /* SceneDelegate.swift in Sources */,
			);
			runOnlyForDeploymentPostprocessing = 0;
		};
/* End PBXSourcesBuildPhase section */

/* Begin PBXVariantGroup section */
		8619D2612A2C751B00AB91A8 /* Main.storyboard */ = {
			isa = PBXVariantGroup;
			children = (
				8619D2622A2C751B00AB91A8 /* Base */,
			);
			name = Main.storyboard;
			sourceTree = "<group>";
		};
		8619D2662A2C751C00AB91A8 /* LaunchScreen.storyboard */ = {
			isa = PBXVariantGroup;
			children = (
				8619D2672A2C751C00AB91A8 /* Base */,
			);
			name = LaunchScreen.storyboard;
			sourceTree = "<group>";
		};
/* End PBXVariantGroup section */

/* Begin XCBuildConfiguration section */
		8619D26A2A2C751C00AB91A8 /* Debug */ = {
			isa = XCBuildConfiguration;
			buildSettings = {
				ALWAYS_SEARCH_USER_PATHS = NO;
				CLANG_ANALYZER_NONNULL = YES;
				CLANG_ANALYZER_NUMBER_OBJECT_CONVERSION = YES_AGGRESSIVE;
				CLANG_CXX_LANGUAGE_STANDARD = "gnu++20";
				CLANG_ENABLE_MODULES = YES;
				CLANG_ENABLE_OBJC_ARC = YES;
				CLANG_ENABLE_OBJC_WEAK = YES;
				CLANG_WARN_BLOCK_CAPTURE_AUTORELEASING = YES;
				CLANG_WARN_BOOL_CONVERSION = YES;
				CLANG_WARN_COMMA = YES;
				CLANG_WARN_CONSTANT_CONVERSION = YES;
				CLANG_WARN_DEPRECATED_OBJC_IMPLEMENTATIONS = YES;
				CLANG_WARN_DIRECT_OBJC_ISA_USAGE = YES_ERROR;
				CLANG_WARN_DOCUMENTATION_COMMENTS = YES;
				CLANG_WARN_EMPTY_BODY = YES;
				CLANG_WARN_ENUM_CONVERSION = YES;
				CLANG_WARN_INFINITE_RECURSION = YES;
				CLANG_WARN_INT_CONVERSION = YES;
				CLANG_WARN_NON_LITERAL_NULL_CONVERSION = YES;
				CLANG_WARN_OBJC_IMPLICIT_RETAIN_SELF = YES;
				CLANG_WARN_OBJC_LITERAL_CONVERSION = YES;
				CLANG_WARN_OBJC_ROOT_CLASS = YES_ERROR;
				CLANG_WARN_QUOTED_INCLUDE_IN_FRAMEWORK_HEADER = YES;
				CLANG_WARN_RANGE_LOOP_ANALYSIS = YES;
				CLANG_WARN_STRICT_PROTOTYPES = YES;
				CLANG_WARN_SUSPICIOUS_MOVE = YES;
				CLANG_WARN_UNGUARDED_AVAILABILITY = YES_AGGRESSIVE;
				CLANG_WARN_UNREACHABLE_CODE = YES;
				CLANG_WARN__DUPLICATE_METHOD_MATCH = YES;
				COPY_PHASE_STRIP = NO;
				DEBUG_INFORMATION_FORMAT = dwarf;
				ENABLE_STRICT_OBJC_MSGSEND = YES;
				ENABLE_TESTABILITY = YES;
				GCC_C_LANGUAGE_STANDARD = gnu11;
				GCC_DYNAMIC_NO_PIC = NO;
				GCC_NO_COMMON_BLOCKS = YES;
				GCC_OPTIMIZATION_LEVEL = 0;
				GCC_PREPROCESSOR_DEFINITIONS = (
					"DEBUG=1",
					"$(inherited)",
				);
				GCC_WARN_64_TO_32_BIT_CONVERSION = YES;
				GCC_WARN_ABOUT_RETURN_TYPE = YES_ERROR;
				GCC_WARN_UNDECLARED_SELECTOR = YES;
				GCC_WARN_UNINITIALIZED_AUTOS = YES_AGGRESSIVE;
				GCC_WARN_UNUSED_FUNCTION = YES;
				GCC_WARN_UNUSED_VARIABLE = YES;
				IPHONEOS_DEPLOYMENT_TARGET = 16.2;
				MTL_ENABLE_DEBUG_INFO = INCLUDE_SOURCE;
				MTL_FAST_MATH = YES;
				ONLY_ACTIVE_ARCH = YES;
				SDKROOT = iphoneos;
				SWIFT_ACTIVE_COMPILATION_CONDITIONS = DEBUG;
				SWIFT_OPTIMIZATION_LEVEL = "-Onone";
			};
			name = Debug;
		};
		8619D26B2A2C751C00AB91A8 /* Release */ = {
			isa = XCBuildConfiguration;
			buildSettings = {
				ALWAYS_SEARCH_USER_PATHS = NO;
				CLANG_ANALYZER_NONNULL = YES;
				CLANG_ANALYZER_NUMBER_OBJECT_CONVERSION = YES_AGGRESSIVE;
				CLANG_CXX_LANGUAGE_STANDARD = "gnu++20";
				CLANG_ENABLE_MODULES = YES;
				CLANG_ENABLE_OBJC_ARC = YES;
				CLANG_ENABLE_OBJC_WEAK = YES;
				CLANG_WARN_BLOCK_CAPTURE_AUTORELEASING = YES;
				CLANG_WARN_BOOL_CONVERSION = YES;
				CLANG_WARN_COMMA = YES;
				CLANG_WARN_CONSTANT_CONVERSION = YES;
				CLANG_WARN_DEPRECATED_OBJC_IMPLEMENTATIONS = YES;
				CLANG_WARN_DIRECT_OBJC_ISA_USAGE = YES_ERROR;
				CLANG_WARN_DOCUMENTATION_COMMENTS = YES;
				CLANG_WARN_EMPTY_BODY = YES;
				CLANG_WARN_ENUM_CONVERSION = YES;
				CLANG_WARN_INFINITE_RECURSION = YES;
				CLANG_WARN_INT_CONVERSION = YES;
				CLANG_WARN_NON_LITERAL_NULL_CONVERSION = YES;
				CLANG_WARN_OBJC_IMPLICIT_RETAIN_SELF = YES;
				CLANG_WARN_OBJC_LITERAL_CONVERSION = YES;
				CLANG_WARN_OBJC_ROOT_CLASS = YES_ERROR;
				CLANG_WARN_QUOTED_INCLUDE_IN_FRAMEWORK_HEADER = YES;
				CLANG_WARN_RANGE_LOOP_ANALYSIS = YES;
				CLANG_WARN_STRICT_PROTOTYPES = YES;
				CLANG_WARN_SUSPICIOUS_MOVE = YES;
				CLANG_WARN_UNGUARDED_AVAILABILITY = YES_AGGRESSIVE;
				CLANG_WARN_UNREACHABLE_CODE = YES;
				CLANG_WARN__DUPLICATE_METHOD_MATCH = YES;
				COPY_PHASE_STRIP = NO;
				DEBUG_INFORMATION_FORMAT = "dwarf-with-dsym";
				ENABLE_NS_ASSERTIONS = NO;
				ENABLE_STRICT_OBJC_MSGSEND = YES;
				GCC_C_LANGUAGE_STANDARD = gnu11;
				GCC_NO_COMMON_BLOCKS = YES;
				GCC_WARN_64_TO_32_BIT_CONVERSION = YES;
				GCC_WARN_ABOUT_RETURN_TYPE = YES_ERROR;
				GCC_WARN_UNDECLARED_SELECTOR = YES;
				GCC_WARN_UNINITIALIZED_AUTOS = YES_AGGRESSIVE;
				GCC_WARN_UNUSED_FUNCTION = YES;
				GCC_WARN_UNUSED_VARIABLE = YES;
				IPHONEOS_DEPLOYMENT_TARGET = 16.2;
				MTL_ENABLE_DEBUG_INFO = NO;
				MTL_FAST_MATH = YES;
				SDKROOT = iphoneos;
				SWIFT_COMPILATION_MODE = wholemodule;
				SWIFT_OPTIMIZATION_LEVEL = "-O";
				VALIDATE_PRODUCT = YES;
			};
			name = Release;
		};
		8619D26D2A2C751C00AB91A8 /* Debug */ = {
			isa = XCBuildConfiguration;
			buildSettings = {
				ASSETCATALOG_COMPILER_APPICON_NAME = AppIcon;
				ASSETCATALOG_COMPILER_GLOBAL_ACCENT_COLOR_NAME = AccentColor;
				CODE_SIGN_STYLE = Automatic;
				CURRENT_PROJECT_VERSION = 1;
				GENERATE_INFOPLIST_FILE = YES;
				INFOPLIST_FILE = BottomSheetViewControllerExample/Info.plist;
				INFOPLIST_KEY_UIApplicationSupportsIndirectInputEvents = YES;
				INFOPLIST_KEY_UILaunchStoryboardName = LaunchScreen;
				INFOPLIST_KEY_UIMainStoryboardFile = Main;
				INFOPLIST_KEY_UISupportedInterfaceOrientations = UIInterfaceOrientationPortrait;
				IPHONEOS_DEPLOYMENT_TARGET = 13.0;
				LD_RUNPATH_SEARCH_PATHS = (
					"$(inherited)",
					"@executable_path/Frameworks",
				);
				MARKETING_VERSION = 1.0;
				PRODUCT_BUNDLE_IDENTIFIER = com.brontoxx.BottomSheetViewControllerExample;
				PRODUCT_NAME = "$(TARGET_NAME)";
				SWIFT_EMIT_LOC_STRINGS = YES;
				SWIFT_VERSION = 5.0;
				TARGETED_DEVICE_FAMILY = "1,2";
			};
			name = Debug;
		};
		8619D26E2A2C751C00AB91A8 /* Release */ = {
			isa = XCBuildConfiguration;
			buildSettings = {
				ASSETCATALOG_COMPILER_APPICON_NAME = AppIcon;
				ASSETCATALOG_COMPILER_GLOBAL_ACCENT_COLOR_NAME = AccentColor;
				CODE_SIGN_STYLE = Automatic;
				CURRENT_PROJECT_VERSION = 1;
				GENERATE_INFOPLIST_FILE = YES;
				INFOPLIST_FILE = BottomSheetViewControllerExample/Info.plist;
				INFOPLIST_KEY_UIApplicationSupportsIndirectInputEvents = YES;
				INFOPLIST_KEY_UILaunchStoryboardName = LaunchScreen;
				INFOPLIST_KEY_UIMainStoryboardFile = Main;
				INFOPLIST_KEY_UISupportedInterfaceOrientations = UIInterfaceOrientationPortrait;
				IPHONEOS_DEPLOYMENT_TARGET = 13.0;
				LD_RUNPATH_SEARCH_PATHS = (
					"$(inherited)",
					"@executable_path/Frameworks",
				);
				MARKETING_VERSION = 1.0;
				PRODUCT_BUNDLE_IDENTIFIER = com.brontoxx.BottomSheetViewControllerExample;
				PRODUCT_NAME = "$(TARGET_NAME)";
				SWIFT_EMIT_LOC_STRINGS = YES;
				SWIFT_VERSION = 5.0;
				TARGETED_DEVICE_FAMILY = "1,2";
			};
			name = Release;
		};
/* End XCBuildConfiguration section */

/* Begin XCConfigurationList section */
		8619D2532A2C751B00AB91A8 /* Build configuration list for PBXProject "BottomSheetViewControllerExample" */ = {
			isa = XCConfigurationList;
			buildConfigurations = (
				8619D26A2A2C751C00AB91A8 /* Debug */,
				8619D26B2A2C751C00AB91A8 /* Release */,
			);
			defaultConfigurationIsVisible = 0;
			defaultConfigurationName = Release;
		};
		8619D26C2A2C751C00AB91A8 /* Build configuration list for PBXNativeTarget "BottomSheetViewControllerExample" */ = {
			isa = XCConfigurationList;
			buildConfigurations = (
				8619D26D2A2C751C00AB91A8 /* Debug */,
				8619D26E2A2C751C00AB91A8 /* Release */,
			);
			defaultConfigurationIsVisible = 0;
			defaultConfigurationName = Release;
		};
/* End XCConfigurationList section */
	};
	rootObject = 8619D2502A2C751B00AB91A8 /* Project object */;
}
